
Microsoft Visual Studio Solution File, Format Version 12.00
# Visual Studio 2013
VisualStudioVersion = 12.0.40629.0
MinimumVisualStudioVersion = 10.0.40219.1
Project("{2150E333-8FDC-42A3-9474-1A3956D46DE8}") = ".nuget", ".nuget", "{BF455D0C-DDD4-435B-9931-A63FEFE95FD1}"
	ProjectSection(SolutionItems) = preProject
		.nuget\NuGet.Config = .nuget\NuGet.Config
		.nuget\NuGet.exe = .nuget\NuGet.exe
		.nuget\NuGet.targets = .nuget\NuGet.targets
	EndProjectSection
EndProject
Project("{2150E333-8FDC-42A3-9474-1A3956D46DE8}") = "Services", "Services", "{CC82C117-B1A3-412C-9488-F265E1E42E9E}"
EndProject
Project("{2150E333-8FDC-42A3-9474-1A3956D46DE8}") = "Samples", "Samples", "{6BB7A9F3-2AE3-4FE5-BED7-AAEE39A5F345}"
EndProject
Project("{2150E333-8FDC-42A3-9474-1A3956D46DE8}") = "Bluetooth", "Bluetooth", "{267D20E2-1298-415F-9EB2-36A5D2BBBFDC}"
EndProject
Project("{2150E333-8FDC-42A3-9474-1A3956D46DE8}") = "WebSockets", "WebSockets", "{84E5FCCE-BDB3-4EC7-93D4-2D4322EAD878}"
EndProject
Project("{2150E333-8FDC-42A3-9474-1A3956D46DE8}") = "Extensions", "Extensions", "{37AD6C00-5DD6-4A9A-BE3F-E9D23B8BB79A}"
EndProject
Project("{FAE04EC0-301F-11D3-BF4B-00C04F79EFBC}") = "Blacksun.Bluetooth.Android", "BlacksunBluetoothAndroid\Blacksun.Bluetooth.Android.csproj", "{0870640C-B409-4734-B99F-791EE0E9E7BD}"
EndProject
Project("{2150E333-8FDC-42A3-9474-1A3956D46DE8}") = "Bluetooth", "Bluetooth", "{A73B5AD3-36DA-4B5F-9A87-CAFBF90838DB}"
EndProject
Project("{FAE04EC0-301F-11D3-BF4B-00C04F79EFBC}") = "SampleBlacksunBluetooth", "SampleBlacksunBluetooth\SampleBlacksunBluetooth.csproj", "{A923037B-5B20-4107-B8B8-EBC13EBA263D}"
EndProject
Project("{FAE04EC0-301F-11D3-BF4B-00C04F79EFBC}") = "Blacksun.BluetoothPrinter", "BlacksunBluetoothPrinter\Blacksun.BluetoothPrinter.csproj", "{4E5BEC1C-4738-4381-80BE-76A0A4C79603}"
EndProject
Project("{2150E333-8FDC-42A3-9474-1A3956D46DE8}") = "Ssh", "Ssh", "{683E32F8-7748-44FC-BEB4-04C2A553D6EB}"
EndProject
Project("{FAE04EC0-301F-11D3-BF4B-00C04F79EFBC}") = "BlacksunSSh", "BlacksunSSh\BlacksunSSh.csproj", "{67F9D3A8-F71E-4428-913F-C37AE82CDB24}"
EndProject
Project("{FAE04EC0-301F-11D3-BF4B-00C04F79EFBC}") = "BlacksunSShWinPhone80", "BlacksunSShWinPhone80\BlacksunSShWinPhone80.csproj", "{8FEAA0D4-8DA2-4991-AB74-932B9AC04AA8}"
EndProject
Project("{FAE04EC0-301F-11D3-BF4B-00C04F79EFBC}") = "Blacksun.Bluetooth", "BlacksunBluetooth\Blacksun.Bluetooth.csproj", "{95F01900-7959-4036-980D-F75A56CDE4C7}"
EndProject
Project("{FAE04EC0-301F-11D3-BF4B-00C04F79EFBC}") = "Blacksun.Bluetooth.WinPhone80", "BlacksunBluetoothWinPhone80\Blacksun.Bluetooth.WinPhone80.csproj", "{054C021A-FB32-471D-A43E-D75A7E08CE3D}"
EndProject
Project("{FAE04EC0-301F-11D3-BF4B-00C04F79EFBC}") = "SampleBlacksunBluetoothAndroid", "SampleBlacksunBluetoothAndroid\SampleBlacksunBluetoothAndroid.csproj", "{A05F0356-03B5-48DE-BFFB-9D2DF4264393}"
EndProject
Project("{FAE04EC0-301F-11D3-BF4B-00C04F79EFBC}") = "SampleBlacksunBluetoothWP80", "SampleBlacksunBluetoothWP80\SampleBlacksunBluetoothWP80.csproj", "{C5FFB354-09CE-46F0-AF51-2F1921C72EB8}"
EndProject
Project("{FAE04EC0-301F-11D3-BF4B-00C04F79EFBC}") = "SampleBlacksunBluetoothWP81", "SampleBlacksunBluetoothWP81\SampleBlacksunBluetoothWP81.csproj", "{75A4D202-15B5-4211-814A-D1701CBF5976}"
EndProject
Global
	GlobalSection(SolutionConfigurationPlatforms) = preSolution
		Ad-Hoc|Any CPU = Ad-Hoc|Any CPU
		Ad-Hoc|ARM = Ad-Hoc|ARM
		Ad-Hoc|iPhone = Ad-Hoc|iPhone
		Ad-Hoc|iPhoneSimulator = Ad-Hoc|iPhoneSimulator
		Ad-Hoc|Mixed Platforms = Ad-Hoc|Mixed Platforms
		Ad-Hoc|x86 = Ad-Hoc|x86
		AppStore|Any CPU = AppStore|Any CPU
		AppStore|ARM = AppStore|ARM
		AppStore|iPhone = AppStore|iPhone
		AppStore|iPhoneSimulator = AppStore|iPhoneSimulator
		AppStore|Mixed Platforms = AppStore|Mixed Platforms
		AppStore|x86 = AppStore|x86
		Debug|Any CPU = Debug|Any CPU
		Debug|ARM = Debug|ARM
		Debug|iPhone = Debug|iPhone
		Debug|iPhoneSimulator = Debug|iPhoneSimulator
		Debug|Mixed Platforms = Debug|Mixed Platforms
		Debug|x86 = Debug|x86
		Release|Any CPU = Release|Any CPU
		Release|ARM = Release|ARM
		Release|iPhone = Release|iPhone
		Release|iPhoneSimulator = Release|iPhoneSimulator
		Release|Mixed Platforms = Release|Mixed Platforms
		Release|x86 = Release|x86
	EndGlobalSection
	GlobalSection(ProjectConfigurationPlatforms) = postSolution
		{0870640C-B409-4734-B99F-791EE0E9E7BD}.Ad-Hoc|Any CPU.ActiveCfg = Release|Any CPU
		{0870640C-B409-4734-B99F-791EE0E9E7BD}.Ad-Hoc|Any CPU.Build.0 = Release|Any CPU
		{0870640C-B409-4734-B99F-791EE0E9E7BD}.Ad-Hoc|ARM.ActiveCfg = Release|Any CPU
		{0870640C-B409-4734-B99F-791EE0E9E7BD}.Ad-Hoc|iPhone.ActiveCfg = Release|Any CPU
		{0870640C-B409-4734-B99F-791EE0E9E7BD}.Ad-Hoc|iPhoneSimulator.ActiveCfg = Release|Any CPU
		{0870640C-B409-4734-B99F-791EE0E9E7BD}.Ad-Hoc|Mixed Platforms.ActiveCfg = Release|Any CPU
		{0870640C-B409-4734-B99F-791EE0E9E7BD}.Ad-Hoc|Mixed Platforms.Build.0 = Release|Any CPU
		{0870640C-B409-4734-B99F-791EE0E9E7BD}.Ad-Hoc|x86.ActiveCfg = Release|Any CPU
		{0870640C-B409-4734-B99F-791EE0E9E7BD}.AppStore|Any CPU.ActiveCfg = Release|Any CPU
		{0870640C-B409-4734-B99F-791EE0E9E7BD}.AppStore|Any CPU.Build.0 = Release|Any CPU
		{0870640C-B409-4734-B99F-791EE0E9E7BD}.AppStore|ARM.ActiveCfg = Release|Any CPU
		{0870640C-B409-4734-B99F-791EE0E9E7BD}.AppStore|iPhone.ActiveCfg = Release|Any CPU
		{0870640C-B409-4734-B99F-791EE0E9E7BD}.AppStore|iPhoneSimulator.ActiveCfg = Release|Any CPU
		{0870640C-B409-4734-B99F-791EE0E9E7BD}.AppStore|Mixed Platforms.ActiveCfg = Release|Any CPU
		{0870640C-B409-4734-B99F-791EE0E9E7BD}.AppStore|Mixed Platforms.Build.0 = Release|Any CPU
		{0870640C-B409-4734-B99F-791EE0E9E7BD}.AppStore|x86.ActiveCfg = Release|Any CPU
		{0870640C-B409-4734-B99F-791EE0E9E7BD}.Debug|Any CPU.ActiveCfg = Debug|Any CPU
		{0870640C-B409-4734-B99F-791EE0E9E7BD}.Debug|Any CPU.Build.0 = Debug|Any CPU
		{0870640C-B409-4734-B99F-791EE0E9E7BD}.Debug|ARM.ActiveCfg = Debug|Any CPU
		{0870640C-B409-4734-B99F-791EE0E9E7BD}.Debug|iPhone.ActiveCfg = Debug|Any CPU
		{0870640C-B409-4734-B99F-791EE0E9E7BD}.Debug|iPhoneSimulator.ActiveCfg = Debug|Any CPU
		{0870640C-B409-4734-B99F-791EE0E9E7BD}.Debug|Mixed Platforms.ActiveCfg = Debug|Any CPU
		{0870640C-B409-4734-B99F-791EE0E9E7BD}.Debug|Mixed Platforms.Build.0 = Debug|Any CPU
		{0870640C-B409-4734-B99F-791EE0E9E7BD}.Debug|x86.ActiveCfg = Debug|Any CPU
		{0870640C-B409-4734-B99F-791EE0E9E7BD}.Release|Any CPU.ActiveCfg = Release|Any CPU
		{0870640C-B409-4734-B99F-791EE0E9E7BD}.Release|Any CPU.Build.0 = Release|Any CPU
		{0870640C-B409-4734-B99F-791EE0E9E7BD}.Release|ARM.ActiveCfg = Release|Any CPU
		{0870640C-B409-4734-B99F-791EE0E9E7BD}.Release|iPhone.ActiveCfg = Release|Any CPU
		{0870640C-B409-4734-B99F-791EE0E9E7BD}.Release|iPhoneSimulator.ActiveCfg = Release|Any CPU
		{0870640C-B409-4734-B99F-791EE0E9E7BD}.Release|Mixed Platforms.ActiveCfg = Release|Any CPU
		{0870640C-B409-4734-B99F-791EE0E9E7BD}.Release|Mixed Platforms.Build.0 = Release|Any CPU
		{0870640C-B409-4734-B99F-791EE0E9E7BD}.Release|x86.ActiveCfg = Release|Any CPU
		{A923037B-5B20-4107-B8B8-EBC13EBA263D}.Ad-Hoc|Any CPU.ActiveCfg = Release|Any CPU
		{A923037B-5B20-4107-B8B8-EBC13EBA263D}.Ad-Hoc|Any CPU.Build.0 = Release|Any CPU
		{A923037B-5B20-4107-B8B8-EBC13EBA263D}.Ad-Hoc|ARM.ActiveCfg = Release|Any CPU
		{A923037B-5B20-4107-B8B8-EBC13EBA263D}.Ad-Hoc|iPhone.ActiveCfg = Release|Any CPU
		{A923037B-5B20-4107-B8B8-EBC13EBA263D}.Ad-Hoc|iPhoneSimulator.ActiveCfg = Release|Any CPU
		{A923037B-5B20-4107-B8B8-EBC13EBA263D}.Ad-Hoc|Mixed Platforms.ActiveCfg = Release|Any CPU
		{A923037B-5B20-4107-B8B8-EBC13EBA263D}.Ad-Hoc|Mixed Platforms.Build.0 = Release|Any CPU
		{A923037B-5B20-4107-B8B8-EBC13EBA263D}.Ad-Hoc|x86.ActiveCfg = Release|Any CPU
		{A923037B-5B20-4107-B8B8-EBC13EBA263D}.AppStore|Any CPU.ActiveCfg = Release|Any CPU
		{A923037B-5B20-4107-B8B8-EBC13EBA263D}.AppStore|Any CPU.Build.0 = Release|Any CPU
		{A923037B-5B20-4107-B8B8-EBC13EBA263D}.AppStore|ARM.ActiveCfg = Release|Any CPU
		{A923037B-5B20-4107-B8B8-EBC13EBA263D}.AppStore|iPhone.ActiveCfg = Release|Any CPU
		{A923037B-5B20-4107-B8B8-EBC13EBA263D}.AppStore|iPhoneSimulator.ActiveCfg = Release|Any CPU
		{A923037B-5B20-4107-B8B8-EBC13EBA263D}.AppStore|Mixed Platforms.ActiveCfg = Release|Any CPU
		{A923037B-5B20-4107-B8B8-EBC13EBA263D}.AppStore|Mixed Platforms.Build.0 = Release|Any CPU
		{A923037B-5B20-4107-B8B8-EBC13EBA263D}.AppStore|x86.ActiveCfg = Release|Any CPU
		{A923037B-5B20-4107-B8B8-EBC13EBA263D}.Debug|Any CPU.ActiveCfg = Debug|Any CPU
		{A923037B-5B20-4107-B8B8-EBC13EBA263D}.Debug|Any CPU.Build.0 = Debug|Any CPU
		{A923037B-5B20-4107-B8B8-EBC13EBA263D}.Debug|ARM.ActiveCfg = Debug|Any CPU
		{A923037B-5B20-4107-B8B8-EBC13EBA263D}.Debug|iPhone.ActiveCfg = Debug|Any CPU
		{A923037B-5B20-4107-B8B8-EBC13EBA263D}.Debug|iPhoneSimulator.ActiveCfg = Debug|Any CPU
		{A923037B-5B20-4107-B8B8-EBC13EBA263D}.Debug|Mixed Platforms.ActiveCfg = Debug|Any CPU
		{A923037B-5B20-4107-B8B8-EBC13EBA263D}.Debug|Mixed Platforms.Build.0 = Debug|Any CPU
		{A923037B-5B20-4107-B8B8-EBC13EBA263D}.Debug|x86.ActiveCfg = Debug|Any CPU
		{A923037B-5B20-4107-B8B8-EBC13EBA263D}.Release|Any CPU.ActiveCfg = Release|Any CPU
		{A923037B-5B20-4107-B8B8-EBC13EBA263D}.Release|Any CPU.Build.0 = Release|Any CPU
		{A923037B-5B20-4107-B8B8-EBC13EBA263D}.Release|ARM.ActiveCfg = Release|Any CPU
		{A923037B-5B20-4107-B8B8-EBC13EBA263D}.Release|iPhone.ActiveCfg = Release|Any CPU
		{A923037B-5B20-4107-B8B8-EBC13EBA263D}.Release|iPhoneSimulator.ActiveCfg = Release|Any CPU
		{A923037B-5B20-4107-B8B8-EBC13EBA263D}.Release|Mixed Platforms.ActiveCfg = Release|Any CPU
		{A923037B-5B20-4107-B8B8-EBC13EBA263D}.Release|Mixed Platforms.Build.0 = Release|Any CPU
		{A923037B-5B20-4107-B8B8-EBC13EBA263D}.Release|x86.ActiveCfg = Release|Any CPU
		{4E5BEC1C-4738-4381-80BE-76A0A4C79603}.Ad-Hoc|Any CPU.ActiveCfg = Release|Any CPU
		{4E5BEC1C-4738-4381-80BE-76A0A4C79603}.Ad-Hoc|Any CPU.Build.0 = Release|Any CPU
		{4E5BEC1C-4738-4381-80BE-76A0A4C79603}.Ad-Hoc|ARM.ActiveCfg = Release|Any CPU
		{4E5BEC1C-4738-4381-80BE-76A0A4C79603}.Ad-Hoc|iPhone.ActiveCfg = Release|Any CPU
		{4E5BEC1C-4738-4381-80BE-76A0A4C79603}.Ad-Hoc|iPhoneSimulator.ActiveCfg = Release|Any CPU
		{4E5BEC1C-4738-4381-80BE-76A0A4C79603}.Ad-Hoc|Mixed Platforms.ActiveCfg = Release|Any CPU
		{4E5BEC1C-4738-4381-80BE-76A0A4C79603}.Ad-Hoc|Mixed Platforms.Build.0 = Release|Any CPU
		{4E5BEC1C-4738-4381-80BE-76A0A4C79603}.Ad-Hoc|x86.ActiveCfg = Release|Any CPU
		{4E5BEC1C-4738-4381-80BE-76A0A4C79603}.AppStore|Any CPU.ActiveCfg = Release|Any CPU
		{4E5BEC1C-4738-4381-80BE-76A0A4C79603}.AppStore|Any CPU.Build.0 = Release|Any CPU
		{4E5BEC1C-4738-4381-80BE-76A0A4C79603}.AppStore|ARM.ActiveCfg = Release|Any CPU
		{4E5BEC1C-4738-4381-80BE-76A0A4C79603}.AppStore|iPhone.ActiveCfg = Release|Any CPU
		{4E5BEC1C-4738-4381-80BE-76A0A4C79603}.AppStore|iPhoneSimulator.ActiveCfg = Release|Any CPU
		{4E5BEC1C-4738-4381-80BE-76A0A4C79603}.AppStore|Mixed Platforms.ActiveCfg = Release|Any CPU
		{4E5BEC1C-4738-4381-80BE-76A0A4C79603}.AppStore|Mixed Platforms.Build.0 = Release|Any CPU
		{4E5BEC1C-4738-4381-80BE-76A0A4C79603}.AppStore|x86.ActiveCfg = Release|Any CPU
		{4E5BEC1C-4738-4381-80BE-76A0A4C79603}.Debug|Any CPU.ActiveCfg = Debug|Any CPU
		{4E5BEC1C-4738-4381-80BE-76A0A4C79603}.Debug|Any CPU.Build.0 = Debug|Any CPU
		{4E5BEC1C-4738-4381-80BE-76A0A4C79603}.Debug|ARM.ActiveCfg = Debug|Any CPU
		{4E5BEC1C-4738-4381-80BE-76A0A4C79603}.Debug|iPhone.ActiveCfg = Debug|Any CPU
		{4E5BEC1C-4738-4381-80BE-76A0A4C79603}.Debug|iPhoneSimulator.ActiveCfg = Debug|Any CPU
		{4E5BEC1C-4738-4381-80BE-76A0A4C79603}.Debug|Mixed Platforms.ActiveCfg = Debug|Any CPU
		{4E5BEC1C-4738-4381-80BE-76A0A4C79603}.Debug|Mixed Platforms.Build.0 = Debug|Any CPU
		{4E5BEC1C-4738-4381-80BE-76A0A4C79603}.Debug|x86.ActiveCfg = Debug|Any CPU
		{4E5BEC1C-4738-4381-80BE-76A0A4C79603}.Release|Any CPU.ActiveCfg = Release|Any CPU
		{4E5BEC1C-4738-4381-80BE-76A0A4C79603}.Release|Any CPU.Build.0 = Release|Any CPU
		{4E5BEC1C-4738-4381-80BE-76A0A4C79603}.Release|ARM.ActiveCfg = Release|Any CPU
		{4E5BEC1C-4738-4381-80BE-76A0A4C79603}.Release|iPhone.ActiveCfg = Release|Any CPU
		{4E5BEC1C-4738-4381-80BE-76A0A4C79603}.Release|iPhoneSimulator.ActiveCfg = Release|Any CPU
		{4E5BEC1C-4738-4381-80BE-76A0A4C79603}.Release|Mixed Platforms.ActiveCfg = Release|Any CPU
		{4E5BEC1C-4738-4381-80BE-76A0A4C79603}.Release|Mixed Platforms.Build.0 = Release|Any CPU
		{4E5BEC1C-4738-4381-80BE-76A0A4C79603}.Release|x86.ActiveCfg = Release|Any CPU
		{67F9D3A8-F71E-4428-913F-C37AE82CDB24}.Ad-Hoc|Any CPU.ActiveCfg = Release|Any CPU
		{67F9D3A8-F71E-4428-913F-C37AE82CDB24}.Ad-Hoc|Any CPU.Build.0 = Release|Any CPU
		{67F9D3A8-F71E-4428-913F-C37AE82CDB24}.Ad-Hoc|ARM.ActiveCfg = Release|Any CPU
		{67F9D3A8-F71E-4428-913F-C37AE82CDB24}.Ad-Hoc|iPhone.ActiveCfg = Release|Any CPU
		{67F9D3A8-F71E-4428-913F-C37AE82CDB24}.Ad-Hoc|iPhoneSimulator.ActiveCfg = Release|Any CPU
		{67F9D3A8-F71E-4428-913F-C37AE82CDB24}.Ad-Hoc|Mixed Platforms.ActiveCfg = Release|Any CPU
		{67F9D3A8-F71E-4428-913F-C37AE82CDB24}.Ad-Hoc|Mixed Platforms.Build.0 = Release|Any CPU
		{67F9D3A8-F71E-4428-913F-C37AE82CDB24}.Ad-Hoc|x86.ActiveCfg = Release|Any CPU
		{67F9D3A8-F71E-4428-913F-C37AE82CDB24}.AppStore|Any CPU.ActiveCfg = Release|Any CPU
		{67F9D3A8-F71E-4428-913F-C37AE82CDB24}.AppStore|Any CPU.Build.0 = Release|Any CPU
		{67F9D3A8-F71E-4428-913F-C37AE82CDB24}.AppStore|ARM.ActiveCfg = Release|Any CPU
		{67F9D3A8-F71E-4428-913F-C37AE82CDB24}.AppStore|iPhone.ActiveCfg = Release|Any CPU
		{67F9D3A8-F71E-4428-913F-C37AE82CDB24}.AppStore|iPhoneSimulator.ActiveCfg = Release|Any CPU
		{67F9D3A8-F71E-4428-913F-C37AE82CDB24}.AppStore|Mixed Platforms.ActiveCfg = Release|Any CPU
		{67F9D3A8-F71E-4428-913F-C37AE82CDB24}.AppStore|Mixed Platforms.Build.0 = Release|Any CPU
		{67F9D3A8-F71E-4428-913F-C37AE82CDB24}.AppStore|x86.ActiveCfg = Release|Any CPU
		{67F9D3A8-F71E-4428-913F-C37AE82CDB24}.Debug|Any CPU.ActiveCfg = Debug|Any CPU
		{67F9D3A8-F71E-4428-913F-C37AE82CDB24}.Debug|Any CPU.Build.0 = Debug|Any CPU
		{67F9D3A8-F71E-4428-913F-C37AE82CDB24}.Debug|ARM.ActiveCfg = Debug|Any CPU
		{67F9D3A8-F71E-4428-913F-C37AE82CDB24}.Debug|iPhone.ActiveCfg = Debug|Any CPU
		{67F9D3A8-F71E-4428-913F-C37AE82CDB24}.Debug|iPhoneSimulator.ActiveCfg = Debug|Any CPU
		{67F9D3A8-F71E-4428-913F-C37AE82CDB24}.Debug|Mixed Platforms.ActiveCfg = Debug|Any CPU
		{67F9D3A8-F71E-4428-913F-C37AE82CDB24}.Debug|Mixed Platforms.Build.0 = Debug|Any CPU
		{67F9D3A8-F71E-4428-913F-C37AE82CDB24}.Debug|x86.ActiveCfg = Debug|Any CPU
		{67F9D3A8-F71E-4428-913F-C37AE82CDB24}.Release|Any CPU.ActiveCfg = Release|Any CPU
		{67F9D3A8-F71E-4428-913F-C37AE82CDB24}.Release|Any CPU.Build.0 = Release|Any CPU
		{67F9D3A8-F71E-4428-913F-C37AE82CDB24}.Release|ARM.ActiveCfg = Release|Any CPU
		{67F9D3A8-F71E-4428-913F-C37AE82CDB24}.Release|iPhone.ActiveCfg = Release|Any CPU
		{67F9D3A8-F71E-4428-913F-C37AE82CDB24}.Release|iPhoneSimulator.ActiveCfg = Release|Any CPU
		{67F9D3A8-F71E-4428-913F-C37AE82CDB24}.Release|Mixed Platforms.ActiveCfg = Release|Any CPU
		{67F9D3A8-F71E-4428-913F-C37AE82CDB24}.Release|Mixed Platforms.Build.0 = Release|Any CPU
		{67F9D3A8-F71E-4428-913F-C37AE82CDB24}.Release|x86.ActiveCfg = Release|Any CPU
		{8FEAA0D4-8DA2-4991-AB74-932B9AC04AA8}.Ad-Hoc|Any CPU.ActiveCfg = Release|Any CPU
		{8FEAA0D4-8DA2-4991-AB74-932B9AC04AA8}.Ad-Hoc|Any CPU.Build.0 = Release|Any CPU
		{8FEAA0D4-8DA2-4991-AB74-932B9AC04AA8}.Ad-Hoc|ARM.ActiveCfg = Release|ARM
		{8FEAA0D4-8DA2-4991-AB74-932B9AC04AA8}.Ad-Hoc|ARM.Build.0 = Release|ARM
		{8FEAA0D4-8DA2-4991-AB74-932B9AC04AA8}.Ad-Hoc|iPhone.ActiveCfg = Release|Any CPU
		{8FEAA0D4-8DA2-4991-AB74-932B9AC04AA8}.Ad-Hoc|iPhoneSimulator.ActiveCfg = Release|Any CPU
		{8FEAA0D4-8DA2-4991-AB74-932B9AC04AA8}.Ad-Hoc|Mixed Platforms.ActiveCfg = Release|x86
		{8FEAA0D4-8DA2-4991-AB74-932B9AC04AA8}.Ad-Hoc|Mixed Platforms.Build.0 = Release|x86
		{8FEAA0D4-8DA2-4991-AB74-932B9AC04AA8}.Ad-Hoc|x86.ActiveCfg = Release|x86
		{8FEAA0D4-8DA2-4991-AB74-932B9AC04AA8}.Ad-Hoc|x86.Build.0 = Release|x86
		{8FEAA0D4-8DA2-4991-AB74-932B9AC04AA8}.AppStore|Any CPU.ActiveCfg = Release|Any CPU
		{8FEAA0D4-8DA2-4991-AB74-932B9AC04AA8}.AppStore|Any CPU.Build.0 = Release|Any CPU
		{8FEAA0D4-8DA2-4991-AB74-932B9AC04AA8}.AppStore|ARM.ActiveCfg = Release|ARM
		{8FEAA0D4-8DA2-4991-AB74-932B9AC04AA8}.AppStore|ARM.Build.0 = Release|ARM
		{8FEAA0D4-8DA2-4991-AB74-932B9AC04AA8}.AppStore|iPhone.ActiveCfg = Release|Any CPU
		{8FEAA0D4-8DA2-4991-AB74-932B9AC04AA8}.AppStore|iPhoneSimulator.ActiveCfg = Release|Any CPU
		{8FEAA0D4-8DA2-4991-AB74-932B9AC04AA8}.AppStore|Mixed Platforms.ActiveCfg = Release|x86
		{8FEAA0D4-8DA2-4991-AB74-932B9AC04AA8}.AppStore|Mixed Platforms.Build.0 = Release|x86
		{8FEAA0D4-8DA2-4991-AB74-932B9AC04AA8}.AppStore|x86.ActiveCfg = Release|x86
		{8FEAA0D4-8DA2-4991-AB74-932B9AC04AA8}.AppStore|x86.Build.0 = Release|x86
		{8FEAA0D4-8DA2-4991-AB74-932B9AC04AA8}.Debug|Any CPU.ActiveCfg = Debug|Any CPU
		{8FEAA0D4-8DA2-4991-AB74-932B9AC04AA8}.Debug|Any CPU.Build.0 = Debug|Any CPU
		{8FEAA0D4-8DA2-4991-AB74-932B9AC04AA8}.Debug|ARM.ActiveCfg = Debug|ARM
		{8FEAA0D4-8DA2-4991-AB74-932B9AC04AA8}.Debug|ARM.Build.0 = Debug|ARM
		{8FEAA0D4-8DA2-4991-AB74-932B9AC04AA8}.Debug|iPhone.ActiveCfg = Debug|Any CPU
		{8FEAA0D4-8DA2-4991-AB74-932B9AC04AA8}.Debug|iPhoneSimulator.ActiveCfg = Debug|Any CPU
		{8FEAA0D4-8DA2-4991-AB74-932B9AC04AA8}.Debug|Mixed Platforms.ActiveCfg = Debug|x86
		{8FEAA0D4-8DA2-4991-AB74-932B9AC04AA8}.Debug|Mixed Platforms.Build.0 = Debug|x86
		{8FEAA0D4-8DA2-4991-AB74-932B9AC04AA8}.Debug|x86.ActiveCfg = Debug|x86
		{8FEAA0D4-8DA2-4991-AB74-932B9AC04AA8}.Debug|x86.Build.0 = Debug|x86
		{8FEAA0D4-8DA2-4991-AB74-932B9AC04AA8}.Release|Any CPU.ActiveCfg = Release|Any CPU
		{8FEAA0D4-8DA2-4991-AB74-932B9AC04AA8}.Release|Any CPU.Build.0 = Release|Any CPU
		{8FEAA0D4-8DA2-4991-AB74-932B9AC04AA8}.Release|ARM.ActiveCfg = Release|ARM
		{8FEAA0D4-8DA2-4991-AB74-932B9AC04AA8}.Release|ARM.Build.0 = Release|ARM
		{8FEAA0D4-8DA2-4991-AB74-932B9AC04AA8}.Release|iPhone.ActiveCfg = Release|Any CPU
		{8FEAA0D4-8DA2-4991-AB74-932B9AC04AA8}.Release|iPhoneSimulator.ActiveCfg = Release|Any CPU
		{8FEAA0D4-8DA2-4991-AB74-932B9AC04AA8}.Release|Mixed Platforms.ActiveCfg = Release|x86
		{8FEAA0D4-8DA2-4991-AB74-932B9AC04AA8}.Release|Mixed Platforms.Build.0 = Release|x86
		{8FEAA0D4-8DA2-4991-AB74-932B9AC04AA8}.Release|x86.ActiveCfg = Release|x86
		{8FEAA0D4-8DA2-4991-AB74-932B9AC04AA8}.Release|x86.Build.0 = Release|x86
		{95F01900-7959-4036-980D-F75A56CDE4C7}.Ad-Hoc|Any CPU.ActiveCfg = Release|Any CPU
		{95F01900-7959-4036-980D-F75A56CDE4C7}.Ad-Hoc|Any CPU.Build.0 = Release|Any CPU
		{95F01900-7959-4036-980D-F75A56CDE4C7}.Ad-Hoc|ARM.ActiveCfg = Release|Any CPU
		{95F01900-7959-4036-980D-F75A56CDE4C7}.Ad-Hoc|iPhone.ActiveCfg = Release|Any CPU
		{95F01900-7959-4036-980D-F75A56CDE4C7}.Ad-Hoc|iPhoneSimulator.ActiveCfg = Release|Any CPU
		{95F01900-7959-4036-980D-F75A56CDE4C7}.Ad-Hoc|Mixed Platforms.ActiveCfg = Release|Any CPU
		{95F01900-7959-4036-980D-F75A56CDE4C7}.Ad-Hoc|Mixed Platforms.Build.0 = Release|Any CPU
		{95F01900-7959-4036-980D-F75A56CDE4C7}.Ad-Hoc|x86.ActiveCfg = Release|Any CPU
		{95F01900-7959-4036-980D-F75A56CDE4C7}.AppStore|Any CPU.ActiveCfg = Release|Any CPU
		{95F01900-7959-4036-980D-F75A56CDE4C7}.AppStore|Any CPU.Build.0 = Release|Any CPU
		{95F01900-7959-4036-980D-F75A56CDE4C7}.AppStore|ARM.ActiveCfg = Release|Any CPU
		{95F01900-7959-4036-980D-F75A56CDE4C7}.AppStore|iPhone.ActiveCfg = Release|Any CPU
		{95F01900-7959-4036-980D-F75A56CDE4C7}.AppStore|iPhoneSimulator.ActiveCfg = Release|Any CPU
		{95F01900-7959-4036-980D-F75A56CDE4C7}.AppStore|Mixed Platforms.ActiveCfg = Release|Any CPU
		{95F01900-7959-4036-980D-F75A56CDE4C7}.AppStore|Mixed Platforms.Build.0 = Release|Any CPU
		{95F01900-7959-4036-980D-F75A56CDE4C7}.AppStore|x86.ActiveCfg = Release|Any CPU
		{95F01900-7959-4036-980D-F75A56CDE4C7}.Debug|Any CPU.ActiveCfg = Debug|Any CPU
		{95F01900-7959-4036-980D-F75A56CDE4C7}.Debug|Any CPU.Build.0 = Debug|Any CPU
		{95F01900-7959-4036-980D-F75A56CDE4C7}.Debug|ARM.ActiveCfg = Debug|Any CPU
		{95F01900-7959-4036-980D-F75A56CDE4C7}.Debug|iPhone.ActiveCfg = Debug|Any CPU
		{95F01900-7959-4036-980D-F75A56CDE4C7}.Debug|iPhoneSimulator.ActiveCfg = Debug|Any CPU
		{95F01900-7959-4036-980D-F75A56CDE4C7}.Debug|Mixed Platforms.ActiveCfg = Debug|Any CPU
		{95F01900-7959-4036-980D-F75A56CDE4C7}.Debug|Mixed Platforms.Build.0 = Debug|Any CPU
		{95F01900-7959-4036-980D-F75A56CDE4C7}.Debug|x86.ActiveCfg = Debug|Any CPU
		{95F01900-7959-4036-980D-F75A56CDE4C7}.Release|Any CPU.ActiveCfg = Release|Any CPU
		{95F01900-7959-4036-980D-F75A56CDE4C7}.Release|Any CPU.Build.0 = Release|Any CPU
		{95F01900-7959-4036-980D-F75A56CDE4C7}.Release|ARM.ActiveCfg = Release|Any CPU
		{95F01900-7959-4036-980D-F75A56CDE4C7}.Release|iPhone.ActiveCfg = Release|Any CPU
		{95F01900-7959-4036-980D-F75A56CDE4C7}.Release|iPhoneSimulator.ActiveCfg = Release|Any CPU
		{95F01900-7959-4036-980D-F75A56CDE4C7}.Release|Mixed Platforms.ActiveCfg = Release|Any CPU
		{95F01900-7959-4036-980D-F75A56CDE4C7}.Release|Mixed Platforms.Build.0 = Release|Any CPU
		{95F01900-7959-4036-980D-F75A56CDE4C7}.Release|x86.ActiveCfg = Release|Any CPU
		{054C021A-FB32-471D-A43E-D75A7E08CE3D}.Ad-Hoc|Any CPU.ActiveCfg = Release|Any CPU
		{054C021A-FB32-471D-A43E-D75A7E08CE3D}.Ad-Hoc|Any CPU.Build.0 = Release|Any CPU
		{054C021A-FB32-471D-A43E-D75A7E08CE3D}.Ad-Hoc|ARM.ActiveCfg = Release|ARM
		{054C021A-FB32-471D-A43E-D75A7E08CE3D}.Ad-Hoc|ARM.Build.0 = Release|ARM
		{054C021A-FB32-471D-A43E-D75A7E08CE3D}.Ad-Hoc|iPhone.ActiveCfg = Release|Any CPU
		{054C021A-FB32-471D-A43E-D75A7E08CE3D}.Ad-Hoc|iPhoneSimulator.ActiveCfg = Release|Any CPU
		{054C021A-FB32-471D-A43E-D75A7E08CE3D}.Ad-Hoc|Mixed Platforms.ActiveCfg = Release|x86
		{054C021A-FB32-471D-A43E-D75A7E08CE3D}.Ad-Hoc|Mixed Platforms.Build.0 = Release|x86
		{054C021A-FB32-471D-A43E-D75A7E08CE3D}.Ad-Hoc|x86.ActiveCfg = Release|x86
		{054C021A-FB32-471D-A43E-D75A7E08CE3D}.Ad-Hoc|x86.Build.0 = Release|x86
		{054C021A-FB32-471D-A43E-D75A7E08CE3D}.AppStore|Any CPU.ActiveCfg = Release|Any CPU
		{054C021A-FB32-471D-A43E-D75A7E08CE3D}.AppStore|Any CPU.Build.0 = Release|Any CPU
		{054C021A-FB32-471D-A43E-D75A7E08CE3D}.AppStore|ARM.ActiveCfg = Release|ARM
		{054C021A-FB32-471D-A43E-D75A7E08CE3D}.AppStore|ARM.Build.0 = Release|ARM
		{054C021A-FB32-471D-A43E-D75A7E08CE3D}.AppStore|iPhone.ActiveCfg = Release|Any CPU
		{054C021A-FB32-471D-A43E-D75A7E08CE3D}.AppStore|iPhoneSimulator.ActiveCfg = Release|Any CPU
		{054C021A-FB32-471D-A43E-D75A7E08CE3D}.AppStore|Mixed Platforms.ActiveCfg = Release|x86
		{054C021A-FB32-471D-A43E-D75A7E08CE3D}.AppStore|Mixed Platforms.Build.0 = Release|x86
		{054C021A-FB32-471D-A43E-D75A7E08CE3D}.AppStore|x86.ActiveCfg = Release|x86
		{054C021A-FB32-471D-A43E-D75A7E08CE3D}.AppStore|x86.Build.0 = Release|x86
		{054C021A-FB32-471D-A43E-D75A7E08CE3D}.Debug|Any CPU.ActiveCfg = Debug|Any CPU
		{054C021A-FB32-471D-A43E-D75A7E08CE3D}.Debug|Any CPU.Build.0 = Debug|Any CPU
		{054C021A-FB32-471D-A43E-D75A7E08CE3D}.Debug|ARM.ActiveCfg = Debug|ARM
		{054C021A-FB32-471D-A43E-D75A7E08CE3D}.Debug|ARM.Build.0 = Debug|ARM
		{054C021A-FB32-471D-A43E-D75A7E08CE3D}.Debug|iPhone.ActiveCfg = Debug|Any CPU
		{054C021A-FB32-471D-A43E-D75A7E08CE3D}.Debug|iPhoneSimulator.ActiveCfg = Debug|Any CPU
		{054C021A-FB32-471D-A43E-D75A7E08CE3D}.Debug|Mixed Platforms.ActiveCfg = Debug|x86
		{054C021A-FB32-471D-A43E-D75A7E08CE3D}.Debug|Mixed Platforms.Build.0 = Debug|x86
		{054C021A-FB32-471D-A43E-D75A7E08CE3D}.Debug|x86.ActiveCfg = Debug|x86
		{054C021A-FB32-471D-A43E-D75A7E08CE3D}.Debug|x86.Build.0 = Debug|x86
		{054C021A-FB32-471D-A43E-D75A7E08CE3D}.Release|Any CPU.ActiveCfg = Release|Any CPU
		{054C021A-FB32-471D-A43E-D75A7E08CE3D}.Release|Any CPU.Build.0 = Release|Any CPU
		{054C021A-FB32-471D-A43E-D75A7E08CE3D}.Release|ARM.ActiveCfg = Release|ARM
		{054C021A-FB32-471D-A43E-D75A7E08CE3D}.Release|ARM.Build.0 = Release|ARM
		{054C021A-FB32-471D-A43E-D75A7E08CE3D}.Release|iPhone.ActiveCfg = Release|Any CPU
		{054C021A-FB32-471D-A43E-D75A7E08CE3D}.Release|iPhoneSimulator.ActiveCfg = Release|Any CPU
		{054C021A-FB32-471D-A43E-D75A7E08CE3D}.Release|Mixed Platforms.ActiveCfg = Release|x86
		{054C021A-FB32-471D-A43E-D75A7E08CE3D}.Release|Mixed Platforms.Build.0 = Release|x86
		{054C021A-FB32-471D-A43E-D75A7E08CE3D}.Release|x86.ActiveCfg = Release|x86
		{054C021A-FB32-471D-A43E-D75A7E08CE3D}.Release|x86.Build.0 = Release|x86
		{A05F0356-03B5-48DE-BFFB-9D2DF4264393}.Ad-Hoc|Any CPU.ActiveCfg = Release|Any CPU
		{A05F0356-03B5-48DE-BFFB-9D2DF4264393}.Ad-Hoc|Any CPU.Build.0 = Release|Any CPU
		{A05F0356-03B5-48DE-BFFB-9D2DF4264393}.Ad-Hoc|Any CPU.Deploy.0 = Release|Any CPU
		{A05F0356-03B5-48DE-BFFB-9D2DF4264393}.Ad-Hoc|ARM.ActiveCfg = Release|Any CPU
		{A05F0356-03B5-48DE-BFFB-9D2DF4264393}.Ad-Hoc|iPhone.ActiveCfg = Release|Any CPU
		{A05F0356-03B5-48DE-BFFB-9D2DF4264393}.Ad-Hoc|iPhoneSimulator.ActiveCfg = Release|Any CPU
		{A05F0356-03B5-48DE-BFFB-9D2DF4264393}.Ad-Hoc|Mixed Platforms.ActiveCfg = Release|Any CPU
		{A05F0356-03B5-48DE-BFFB-9D2DF4264393}.Ad-Hoc|Mixed Platforms.Build.0 = Release|Any CPU
		{A05F0356-03B5-48DE-BFFB-9D2DF4264393}.Ad-Hoc|Mixed Platforms.Deploy.0 = Release|Any CPU
		{A05F0356-03B5-48DE-BFFB-9D2DF4264393}.Ad-Hoc|x86.ActiveCfg = Release|Any CPU
		{A05F0356-03B5-48DE-BFFB-9D2DF4264393}.AppStore|Any CPU.ActiveCfg = Release|Any CPU
		{A05F0356-03B5-48DE-BFFB-9D2DF4264393}.AppStore|Any CPU.Build.0 = Release|Any CPU
		{A05F0356-03B5-48DE-BFFB-9D2DF4264393}.AppStore|Any CPU.Deploy.0 = Release|Any CPU
		{A05F0356-03B5-48DE-BFFB-9D2DF4264393}.AppStore|ARM.ActiveCfg = Release|Any CPU
		{A05F0356-03B5-48DE-BFFB-9D2DF4264393}.AppStore|iPhone.ActiveCfg = Release|Any CPU
		{A05F0356-03B5-48DE-BFFB-9D2DF4264393}.AppStore|iPhoneSimulator.ActiveCfg = Release|Any CPU
		{A05F0356-03B5-48DE-BFFB-9D2DF4264393}.AppStore|Mixed Platforms.ActiveCfg = Release|Any CPU
		{A05F0356-03B5-48DE-BFFB-9D2DF4264393}.AppStore|Mixed Platforms.Build.0 = Release|Any CPU
		{A05F0356-03B5-48DE-BFFB-9D2DF4264393}.AppStore|Mixed Platforms.Deploy.0 = Release|Any CPU
		{A05F0356-03B5-48DE-BFFB-9D2DF4264393}.AppStore|x86.ActiveCfg = Release|Any CPU
		{A05F0356-03B5-48DE-BFFB-9D2DF4264393}.Debug|Any CPU.ActiveCfg = Debug|Any CPU
		{A05F0356-03B5-48DE-BFFB-9D2DF4264393}.Debug|Any CPU.Build.0 = Debug|Any CPU
		{A05F0356-03B5-48DE-BFFB-9D2DF4264393}.Debug|Any CPU.Deploy.0 = Debug|Any CPU
		{A05F0356-03B5-48DE-BFFB-9D2DF4264393}.Debug|ARM.ActiveCfg = Debug|Any CPU
		{A05F0356-03B5-48DE-BFFB-9D2DF4264393}.Debug|iPhone.ActiveCfg = Debug|Any CPU
		{A05F0356-03B5-48DE-BFFB-9D2DF4264393}.Debug|iPhoneSimulator.ActiveCfg = Debug|Any CPU
		{A05F0356-03B5-48DE-BFFB-9D2DF4264393}.Debug|Mixed Platforms.ActiveCfg = Debug|Any CPU
		{A05F0356-03B5-48DE-BFFB-9D2DF4264393}.Debug|Mixed Platforms.Build.0 = Debug|Any CPU
		{A05F0356-03B5-48DE-BFFB-9D2DF4264393}.Debug|Mixed Platforms.Deploy.0 = Debug|Any CPU
		{A05F0356-03B5-48DE-BFFB-9D2DF4264393}.Debug|x86.ActiveCfg = Debug|Any CPU
		{A05F0356-03B5-48DE-BFFB-9D2DF4264393}.Release|Any CPU.ActiveCfg = Release|Any CPU
		{A05F0356-03B5-48DE-BFFB-9D2DF4264393}.Release|Any CPU.Build.0 = Release|Any CPU
		{A05F0356-03B5-48DE-BFFB-9D2DF4264393}.Release|Any CPU.Deploy.0 = Release|Any CPU
		{A05F0356-03B5-48DE-BFFB-9D2DF4264393}.Release|ARM.ActiveCfg = Release|Any CPU
		{A05F0356-03B5-48DE-BFFB-9D2DF4264393}.Release|iPhone.ActiveCfg = Release|Any CPU
		{A05F0356-03B5-48DE-BFFB-9D2DF4264393}.Release|iPhoneSimulator.ActiveCfg = Release|Any CPU
		{A05F0356-03B5-48DE-BFFB-9D2DF4264393}.Release|Mixed Platforms.ActiveCfg = Release|Any CPU
		{A05F0356-03B5-48DE-BFFB-9D2DF4264393}.Release|Mixed Platforms.Build.0 = Release|Any CPU
		{A05F0356-03B5-48DE-BFFB-9D2DF4264393}.Release|Mixed Platforms.Deploy.0 = Release|Any CPU
		{A05F0356-03B5-48DE-BFFB-9D2DF4264393}.Release|x86.ActiveCfg = Release|Any CPU
		{C5FFB354-09CE-46F0-AF51-2F1921C72EB8}.Ad-Hoc|Any CPU.ActiveCfg = Release|Any CPU
		{C5FFB354-09CE-46F0-AF51-2F1921C72EB8}.Ad-Hoc|Any CPU.Build.0 = Release|Any CPU
		{C5FFB354-09CE-46F0-AF51-2F1921C72EB8}.Ad-Hoc|Any CPU.Deploy.0 = Release|Any CPU
		{C5FFB354-09CE-46F0-AF51-2F1921C72EB8}.Ad-Hoc|ARM.ActiveCfg = Release|ARM
		{C5FFB354-09CE-46F0-AF51-2F1921C72EB8}.Ad-Hoc|ARM.Build.0 = Release|ARM
		{C5FFB354-09CE-46F0-AF51-2F1921C72EB8}.Ad-Hoc|ARM.Deploy.0 = Release|ARM
		{C5FFB354-09CE-46F0-AF51-2F1921C72EB8}.Ad-Hoc|iPhone.ActiveCfg = Release|Any CPU
		{C5FFB354-09CE-46F0-AF51-2F1921C72EB8}.Ad-Hoc|iPhoneSimulator.ActiveCfg = Release|Any CPU
		{C5FFB354-09CE-46F0-AF51-2F1921C72EB8}.Ad-Hoc|Mixed Platforms.ActiveCfg = Release|x86
		{C5FFB354-09CE-46F0-AF51-2F1921C72EB8}.Ad-Hoc|Mixed Platforms.Build.0 = Release|x86
		{C5FFB354-09CE-46F0-AF51-2F1921C72EB8}.Ad-Hoc|Mixed Platforms.Deploy.0 = Release|x86
		{C5FFB354-09CE-46F0-AF51-2F1921C72EB8}.Ad-Hoc|x86.ActiveCfg = Release|x86
		{C5FFB354-09CE-46F0-AF51-2F1921C72EB8}.Ad-Hoc|x86.Build.0 = Release|x86
		{C5FFB354-09CE-46F0-AF51-2F1921C72EB8}.Ad-Hoc|x86.Deploy.0 = Release|x86
		{C5FFB354-09CE-46F0-AF51-2F1921C72EB8}.AppStore|Any CPU.ActiveCfg = Release|Any CPU
		{C5FFB354-09CE-46F0-AF51-2F1921C72EB8}.AppStore|Any CPU.Build.0 = Release|Any CPU
		{C5FFB354-09CE-46F0-AF51-2F1921C72EB8}.AppStore|Any CPU.Deploy.0 = Release|Any CPU
		{C5FFB354-09CE-46F0-AF51-2F1921C72EB8}.AppStore|ARM.ActiveCfg = Release|ARM
		{C5FFB354-09CE-46F0-AF51-2F1921C72EB8}.AppStore|ARM.Build.0 = Release|ARM
		{C5FFB354-09CE-46F0-AF51-2F1921C72EB8}.AppStore|ARM.Deploy.0 = Release|ARM
		{C5FFB354-09CE-46F0-AF51-2F1921C72EB8}.AppStore|iPhone.ActiveCfg = Release|Any CPU
		{C5FFB354-09CE-46F0-AF51-2F1921C72EB8}.AppStore|iPhoneSimulator.ActiveCfg = Release|Any CPU
		{C5FFB354-09CE-46F0-AF51-2F1921C72EB8}.AppStore|Mixed Platforms.ActiveCfg = Release|x86
		{C5FFB354-09CE-46F0-AF51-2F1921C72EB8}.AppStore|Mixed Platforms.Build.0 = Release|x86
		{C5FFB354-09CE-46F0-AF51-2F1921C72EB8}.AppStore|Mixed Platforms.Deploy.0 = Release|x86
		{C5FFB354-09CE-46F0-AF51-2F1921C72EB8}.AppStore|x86.ActiveCfg = Release|x86
		{C5FFB354-09CE-46F0-AF51-2F1921C72EB8}.AppStore|x86.Build.0 = Release|x86
		{C5FFB354-09CE-46F0-AF51-2F1921C72EB8}.AppStore|x86.Deploy.0 = Release|x86
		{C5FFB354-09CE-46F0-AF51-2F1921C72EB8}.Debug|Any CPU.ActiveCfg = Debug|Any CPU
		{C5FFB354-09CE-46F0-AF51-2F1921C72EB8}.Debug|Any CPU.Build.0 = Debug|Any CPU
		{C5FFB354-09CE-46F0-AF51-2F1921C72EB8}.Debug|Any CPU.Deploy.0 = Debug|Any CPU
		{C5FFB354-09CE-46F0-AF51-2F1921C72EB8}.Debug|ARM.ActiveCfg = Debug|ARM
		{C5FFB354-09CE-46F0-AF51-2F1921C72EB8}.Debug|ARM.Build.0 = Debug|ARM
		{C5FFB354-09CE-46F0-AF51-2F1921C72EB8}.Debug|ARM.Deploy.0 = Debug|ARM
		{C5FFB354-09CE-46F0-AF51-2F1921C72EB8}.Debug|iPhone.ActiveCfg = Debug|Any CPU
		{C5FFB354-09CE-46F0-AF51-2F1921C72EB8}.Debug|iPhoneSimulator.ActiveCfg = Debug|Any CPU
		{C5FFB354-09CE-46F0-AF51-2F1921C72EB8}.Debug|Mixed Platforms.ActiveCfg = Debug|x86
		{C5FFB354-09CE-46F0-AF51-2F1921C72EB8}.Debug|Mixed Platforms.Build.0 = Debug|x86
		{C5FFB354-09CE-46F0-AF51-2F1921C72EB8}.Debug|Mixed Platforms.Deploy.0 = Debug|x86
		{C5FFB354-09CE-46F0-AF51-2F1921C72EB8}.Debug|x86.ActiveCfg = Debug|x86
		{C5FFB354-09CE-46F0-AF51-2F1921C72EB8}.Debug|x86.Build.0 = Debug|x86
		{C5FFB354-09CE-46F0-AF51-2F1921C72EB8}.Debug|x86.Deploy.0 = Debug|x86
		{C5FFB354-09CE-46F0-AF51-2F1921C72EB8}.Release|Any CPU.ActiveCfg = Release|Any CPU
		{C5FFB354-09CE-46F0-AF51-2F1921C72EB8}.Release|Any CPU.Build.0 = Release|Any CPU
		{C5FFB354-09CE-46F0-AF51-2F1921C72EB8}.Release|Any CPU.Deploy.0 = Release|Any CPU
		{C5FFB354-09CE-46F0-AF51-2F1921C72EB8}.Release|ARM.ActiveCfg = Release|ARM
		{C5FFB354-09CE-46F0-AF51-2F1921C72EB8}.Release|ARM.Build.0 = Release|ARM
		{C5FFB354-09CE-46F0-AF51-2F1921C72EB8}.Release|ARM.Deploy.0 = Release|ARM
		{C5FFB354-09CE-46F0-AF51-2F1921C72EB8}.Release|iPhone.ActiveCfg = Release|Any CPU
		{C5FFB354-09CE-46F0-AF51-2F1921C72EB8}.Release|iPhoneSimulator.ActiveCfg = Release|Any CPU
		{C5FFB354-09CE-46F0-AF51-2F1921C72EB8}.Release|Mixed Platforms.ActiveCfg = Release|x86
		{C5FFB354-09CE-46F0-AF51-2F1921C72EB8}.Release|Mixed Platforms.Build.0 = Release|x86
		{C5FFB354-09CE-46F0-AF51-2F1921C72EB8}.Release|Mixed Platforms.Deploy.0 = Release|x86
		{C5FFB354-09CE-46F0-AF51-2F1921C72EB8}.Release|x86.ActiveCfg = Release|x86
		{C5FFB354-09CE-46F0-AF51-2F1921C72EB8}.Release|x86.Build.0 = Release|x86
		{C5FFB354-09CE-46F0-AF51-2F1921C72EB8}.Release|x86.Deploy.0 = Release|x86
		{75A4D202-15B5-4211-814A-D1701CBF5976}.Ad-Hoc|Any CPU.ActiveCfg = Release|Any CPU
		{75A4D202-15B5-4211-814A-D1701CBF5976}.Ad-Hoc|Any CPU.Build.0 = Release|Any CPU
		{75A4D202-15B5-4211-814A-D1701CBF5976}.Ad-Hoc|Any CPU.Deploy.0 = Release|Any CPU
		{75A4D202-15B5-4211-814A-D1701CBF5976}.Ad-Hoc|ARM.ActiveCfg = Release|ARM
		{75A4D202-15B5-4211-814A-D1701CBF5976}.Ad-Hoc|ARM.Build.0 = Release|ARM
		{75A4D202-15B5-4211-814A-D1701CBF5976}.Ad-Hoc|ARM.Deploy.0 = Release|ARM
		{75A4D202-15B5-4211-814A-D1701CBF5976}.Ad-Hoc|iPhone.ActiveCfg = Release|Any CPU
		{75A4D202-15B5-4211-814A-D1701CBF5976}.Ad-Hoc|iPhoneSimulator.ActiveCfg = Release|Any CPU
		{75A4D202-15B5-4211-814A-D1701CBF5976}.Ad-Hoc|Mixed Platforms.ActiveCfg = Release|x86
		{75A4D202-15B5-4211-814A-D1701CBF5976}.Ad-Hoc|Mixed Platforms.Build.0 = Release|x86
		{75A4D202-15B5-4211-814A-D1701CBF5976}.Ad-Hoc|Mixed Platforms.Deploy.0 = Release|x86
		{75A4D202-15B5-4211-814A-D1701CBF5976}.Ad-Hoc|x86.ActiveCfg = Release|x86
		{75A4D202-15B5-4211-814A-D1701CBF5976}.Ad-Hoc|x86.Build.0 = Release|x86
		{75A4D202-15B5-4211-814A-D1701CBF5976}.Ad-Hoc|x86.Deploy.0 = Release|x86
		{75A4D202-15B5-4211-814A-D1701CBF5976}.AppStore|Any CPU.ActiveCfg = Release|Any CPU
		{75A4D202-15B5-4211-814A-D1701CBF5976}.AppStore|Any CPU.Build.0 = Release|Any CPU
		{75A4D202-15B5-4211-814A-D1701CBF5976}.AppStore|Any CPU.Deploy.0 = Release|Any CPU
		{75A4D202-15B5-4211-814A-D1701CBF5976}.AppStore|ARM.ActiveCfg = Release|ARM
		{75A4D202-15B5-4211-814A-D1701CBF5976}.AppStore|ARM.Build.0 = Release|ARM
		{75A4D202-15B5-4211-814A-D1701CBF5976}.AppStore|ARM.Deploy.0 = Release|ARM
		{75A4D202-15B5-4211-814A-D1701CBF5976}.AppStore|iPhone.ActiveCfg = Release|Any CPU
		{75A4D202-15B5-4211-814A-D1701CBF5976}.AppStore|iPhoneSimulator.ActiveCfg = Release|Any CPU
		{75A4D202-15B5-4211-814A-D1701CBF5976}.AppStore|Mixed Platforms.ActiveCfg = Release|x86
		{75A4D202-15B5-4211-814A-D1701CBF5976}.AppStore|Mixed Platforms.Build.0 = Release|x86
		{75A4D202-15B5-4211-814A-D1701CBF5976}.AppStore|Mixed Platforms.Deploy.0 = Release|x86
		{75A4D202-15B5-4211-814A-D1701CBF5976}.AppStore|x86.ActiveCfg = Release|x86
		{75A4D202-15B5-4211-814A-D1701CBF5976}.AppStore|x86.Build.0 = Release|x86
		{75A4D202-15B5-4211-814A-D1701CBF5976}.AppStore|x86.Deploy.0 = Release|x86
		{75A4D202-15B5-4211-814A-D1701CBF5976}.Debug|Any CPU.ActiveCfg = Debug|Any CPU
		{75A4D202-15B5-4211-814A-D1701CBF5976}.Debug|Any CPU.Build.0 = Debug|Any CPU
		{75A4D202-15B5-4211-814A-D1701CBF5976}.Debug|Any CPU.Deploy.0 = Debug|Any CPU
		{75A4D202-15B5-4211-814A-D1701CBF5976}.Debug|ARM.ActiveCfg = Debug|ARM
		{75A4D202-15B5-4211-814A-D1701CBF5976}.Debug|ARM.Build.0 = Debug|ARM
		{75A4D202-15B5-4211-814A-D1701CBF5976}.Debug|ARM.Deploy.0 = Debug|ARM
		{75A4D202-15B5-4211-814A-D1701CBF5976}.Debug|iPhone.ActiveCfg = Debug|Any CPU
		{75A4D202-15B5-4211-814A-D1701CBF5976}.Debug|iPhoneSimulator.ActiveCfg = Debug|Any CPU
		{75A4D202-15B5-4211-814A-D1701CBF5976}.Debug|Mixed Platforms.ActiveCfg = Debug|x86
		{75A4D202-15B5-4211-814A-D1701CBF5976}.Debug|Mixed Platforms.Build.0 = Debug|x86
		{75A4D202-15B5-4211-814A-D1701CBF5976}.Debug|Mixed Platforms.Deploy.0 = Debug|x86
		{75A4D202-15B5-4211-814A-D1701CBF5976}.Debug|x86.ActiveCfg = Debug|x86
		{75A4D202-15B5-4211-814A-D1701CBF5976}.Debug|x86.Build.0 = Debug|x86
		{75A4D202-15B5-4211-814A-D1701CBF5976}.Debug|x86.Deploy.0 = Debug|x86
		{75A4D202-15B5-4211-814A-D1701CBF5976}.Release|Any CPU.ActiveCfg = Release|Any CPU
		{75A4D202-15B5-4211-814A-D1701CBF5976}.Release|Any CPU.Build.0 = Release|Any CPU
		{75A4D202-15B5-4211-814A-D1701CBF5976}.Release|Any CPU.Deploy.0 = Release|Any CPU
		{75A4D202-15B5-4211-814A-D1701CBF5976}.Release|ARM.ActiveCfg = Release|ARM
		{75A4D202-15B5-4211-814A-D1701CBF5976}.Release|ARM.Build.0 = Release|ARM
		{75A4D202-15B5-4211-814A-D1701CBF5976}.Release|ARM.Deploy.0 = Release|ARM
		{75A4D202-15B5-4211-814A-D1701CBF5976}.Release|iPhone.ActiveCfg = Release|Any CPU
		{75A4D202-15B5-4211-814A-D1701CBF5976}.Release|iPhoneSimulator.ActiveCfg = Release|Any CPU
		{75A4D202-15B5-4211-814A-D1701CBF5976}.Release|Mixed Platforms.ActiveCfg = Release|x86
		{75A4D202-15B5-4211-814A-D1701CBF5976}.Release|Mixed Platforms.Build.0 = Release|x86
		{75A4D202-15B5-4211-814A-D1701CBF5976}.Release|Mixed Platforms.Deploy.0 = Release|x86
		{75A4D202-15B5-4211-814A-D1701CBF5976}.Release|x86.ActiveCfg = Release|x86
		{75A4D202-15B5-4211-814A-D1701CBF5976}.Release|x86.Build.0 = Release|x86
		{75A4D202-15B5-4211-814A-D1701CBF5976}.Release|x86.Deploy.0 = Release|x86
	EndGlobalSection
	GlobalSection(SolutionProperties) = preSolution
		HideSolutionNode = FALSE
	EndGlobalSection
	GlobalSection(NestedProjects) = preSolution
		{267D20E2-1298-415F-9EB2-36A5D2BBBFDC} = {CC82C117-B1A3-412C-9488-F265E1E42E9E}
		{84E5FCCE-BDB3-4EC7-93D4-2D4322EAD878} = {CC82C117-B1A3-412C-9488-F265E1E42E9E}
		{37AD6C00-5DD6-4A9A-BE3F-E9D23B8BB79A} = {267D20E2-1298-415F-9EB2-36A5D2BBBFDC}
		{0870640C-B409-4734-B99F-791EE0E9E7BD} = {267D20E2-1298-415F-9EB2-36A5D2BBBFDC}
		{A73B5AD3-36DA-4B5F-9A87-CAFBF90838DB} = {6BB7A9F3-2AE3-4FE5-BED7-AAEE39A5F345}
		{A923037B-5B20-4107-B8B8-EBC13EBA263D} = {A73B5AD3-36DA-4B5F-9A87-CAFBF90838DB}
		{4E5BEC1C-4738-4381-80BE-76A0A4C79603} = {37AD6C00-5DD6-4A9A-BE3F-E9D23B8BB79A}
		{683E32F8-7748-44FC-BEB4-04C2A553D6EB} = {CC82C117-B1A3-412C-9488-F265E1E42E9E}
		{67F9D3A8-F71E-4428-913F-C37AE82CDB24} = {683E32F8-7748-44FC-BEB4-04C2A553D6EB}
		{8FEAA0D4-8DA2-4991-AB74-932B9AC04AA8} = {683E32F8-7748-44FC-BEB4-04C2A553D6EB}
		{95F01900-7959-4036-980D-F75A56CDE4C7} = {267D20E2-1298-415F-9EB2-36A5D2BBBFDC}
		{054C021A-FB32-471D-A43E-D75A7E08CE3D} = {267D20E2-1298-415F-9EB2-36A5D2BBBFDC}
		{A05F0356-03B5-48DE-BFFB-9D2DF4264393} = {A73B5AD3-36DA-4B5F-9A87-CAFBF90838DB}
		{C5FFB354-09CE-46F0-AF51-2F1921C72EB8} = {A73B5AD3-36DA-4B5F-9A87-CAFBF90838DB}
		{75A4D202-15B5-4211-814A-D1701CBF5976} = {A73B5AD3-36DA-4B5F-9A87-CAFBF90838DB}
	EndGlobalSection
EndGlobal
